
Microsoft Visual Studio Solution File, Format Version 12.00
# Visual Studio Version 17
VisualStudioVersion = 17.0.31903.59
MinimumVisualStudioVersion = 10.0.40219.1
Project("{FAE04EC0-301F-11D3-BF4B-00C04F79EFBC}") = "Builder", "Builder\Builder.csproj", "{778D23A4-F82D-4943-9A5C-582D7D9BBD92}"
EndProject
Project("{FAE04EC0-301F-11D3-BF4B-00C04F79EFBC}") = "Builder2", "Builder2\Builder2.csproj", "{2FD6EFCB-3FB4-4246-9839-DC39E4CF1865}"
EndProject
Project("{FAE04EC0-301F-11D3-BF4B-00C04F79EFBC}") = "Builder3", "Builder3\Builder3.csproj", "{82143040-1615-4AE1-94AE-C4013124E057}"
EndProject
Project("{2150E333-8FDC-42A3-9474-1A3956D46DE8}") = "Builder", "Builder", "{0B9DEE96-5BA7-4750-8F5B-BB5DE83FB057}"
EndProject
Project("{FAE04EC0-301F-11D3-BF4B-00C04F79EFBC}") = "Builder4", "Builder4\Builder4.csproj", "{426AD43D-8885-428E-98E4-59AF58C72A00}"
EndProject
Project("{FAE04EC0-301F-11D3-BF4B-00C04F79EFBC}") = "Builder5", "Builder5\Builder5.csproj", "{D9870480-8623-419D-BDCD-C59DF30B23BD}"
EndProject
Project("{FAE04EC0-301F-11D3-BF4B-00C04F79EFBC}") = "BuilderCodingExercise", "BuilderCodingExercise\BuilderCodingExercise.csproj", "{3D3112D2-3858-4311-8DE1-CB41AE6D9F10}"
EndProject
Project("{2150E333-8FDC-42A3-9474-1A3956D46DE8}") = "Factory", "Factory", "{6D353D78-1610-4E12-8B7B-6AE3A2E923F4}"
EndProject
Global
	GlobalSection(SolutionConfigurationPlatforms) = preSolution
		Debug|Any CPU = Debug|Any CPU
		Release|Any CPU = Release|Any CPU
	EndGlobalSection
	GlobalSection(ProjectConfigurationPlatforms) = postSolution
		{778D23A4-F82D-4943-9A5C-582D7D9BBD92}.Debug|Any CPU.ActiveCfg = Debug|Any CPU
		{778D23A4-F82D-4943-9A5C-582D7D9BBD92}.Debug|Any CPU.Build.0 = Debug|Any CPU
		{778D23A4-F82D-4943-9A5C-582D7D9BBD92}.Release|Any CPU.ActiveCfg = Release|Any CPU
		{778D23A4-F82D-4943-9A5C-582D7D9BBD92}.Release|Any CPU.Build.0 = Release|Any CPU
		{2FD6EFCB-3FB4-4246-9839-DC39E4CF1865}.Debug|Any CPU.ActiveCfg = Debug|Any CPU
		{2FD6EFCB-3FB4-4246-9839-DC39E4CF1865}.Debug|Any CPU.Build.0 = Debug|Any CPU
		{2FD6EFCB-3FB4-4246-9839-DC39E4CF1865}.Release|Any CPU.ActiveCfg = Release|Any CPU
		{2FD6EFCB-3FB4-4246-9839-DC39E4CF1865}.Release|Any CPU.Build.0 = Release|Any CPU
		{82143040-1615-4AE1-94AE-C4013124E057}.Debug|Any CPU.ActiveCfg = Debug|Any CPU
		{82143040-1615-4AE1-94AE-C4013124E057}.Debug|Any CPU.Build.0 = Debug|Any CPU
		{82143040-1615-4AE1-94AE-C4013124E057}.Release|Any CPU.ActiveCfg = Release|Any CPU
		{82143040-1615-4AE1-94AE-C4013124E057}.Release|Any CPU.Build.0 = Release|Any CPU
		{426AD43D-8885-428E-98E4-59AF58C72A00}.Debug|Any CPU.ActiveCfg = Debug|Any CPU
		{426AD43D-8885-428E-98E4-59AF58C72A00}.Debug|Any CPU.Build.0 = Debug|Any CPU
		{426AD43D-8885-428E-98E4-59AF58C72A00}.Release|Any CPU.ActiveCfg = Release|Any CPU
		{426AD43D-8885-428E-98E4-59AF58C72A00}.Release|Any CPU.Build.0 = Release|Any CPU
		{D9870480-8623-419D-BDCD-C59DF30B23BD}.Debug|Any CPU.ActiveCfg = Debug|Any CPU
		{D9870480-8623-419D-BDCD-C59DF30B23BD}.Debug|Any CPU.Build.0 = Debug|Any CPU
		{D9870480-8623-419D-BDCD-C59DF30B23BD}.Release|Any CPU.ActiveCfg = Release|Any CPU
		{D9870480-8623-419D-BDCD-C59DF30B23BD}.Release|Any CPU.Build.0 = Release|Any CPU
		{3D3112D2-3858-4311-8DE1-CB41AE6D9F10}.Debug|Any CPU.ActiveCfg = Debug|Any CPU
		{3D3112D2-3858-4311-8DE1-CB41AE6D9F10}.Debug|Any CPU.Build.0 = Debug|Any CPU
		{3D3112D2-3858-4311-8DE1-CB41AE6D9F10}.Release|Any CPU.ActiveCfg = Release|Any CPU
		{3D3112D2-3858-4311-8DE1-CB41AE6D9F10}.Release|Any CPU.Build.0 = Release|Any CPU
	EndGlobalSection
	GlobalSection(SolutionProperties) = preSolution
		HideSolutionNode = FALSE
	EndGlobalSection
	GlobalSection(NestedProjects) = preSolution
		{778D23A4-F82D-4943-9A5C-582D7D9BBD92} = {0B9DEE96-5BA7-4750-8F5B-BB5DE83FB057}
		{2FD6EFCB-3FB4-4246-9839-DC39E4CF1865} = {0B9DEE96-5BA7-4750-8F5B-BB5DE83FB057}
		{82143040-1615-4AE1-94AE-C4013124E057} = {0B9DEE96-5BA7-4750-8F5B-BB5DE83FB057}
		{426AD43D-8885-428E-98E4-59AF58C72A00} = {0B9DEE96-5BA7-4750-8F5B-BB5DE83FB057}
		{D9870480-8623-419D-BDCD-C59DF30B23BD} = {0B9DEE96-5BA7-4750-8F5B-BB5DE83FB057}
		{3D3112D2-3858-4311-8DE1-CB41AE6D9F10} = {0B9DEE96-5BA7-4750-8F5B-BB5DE83FB057}
	EndGlobalSection
	GlobalSection(ExtensibilityGlobals) = postSolution
		SolutionGuid = {A4BA9505-1896-41E5-8F35-93B921F5C540}
	EndGlobalSection
EndGlobal
