
Microsoft Visual Studio Solution File, Format Version 12.00
# Visual Studio Version 17
VisualStudioVersion = 17.0.31903.59
MinimumVisualStudioVersion = 10.0.40219.1
Project("{FAE04EC0-301F-11D3-BF4B-00C04F79EFBC}") = "Builder", "Builder\Builder.csproj", "{778D23A4-F82D-4943-9A5C-582D7D9BBD92}"
EndProject
Project("{FAE04EC0-301F-11D3-BF4B-00C04F79EFBC}") = "Builder2", "Builder2\Builder2.csproj", "{2FD6EFCB-3FB4-4246-9839-DC39E4CF1865}"
EndProject
Global
	GlobalSection(SolutionConfigurationPlatforms) = preSolution
		Debug|Any CPU = Debug|Any CPU
		Release|Any CPU = Release|Any CPU
	EndGlobalSection
	GlobalSection(ProjectConfigurationPlatforms) = postSolution
		{778D23A4-F82D-4943-9A5C-582D7D9BBD92}.Debug|Any CPU.ActiveCfg = Debug|Any CPU
		{778D23A4-F82D-4943-9A5C-582D7D9BBD92}.Debug|Any CPU.Build.0 = Debug|Any CPU
		{778D23A4-F82D-4943-9A5C-582D7D9BBD92}.Release|Any CPU.ActiveCfg = Release|Any CPU
		{778D23A4-F82D-4943-9A5C-582D7D9BBD92}.Release|Any CPU.Build.0 = Release|Any CPU
		{2FD6EFCB-3FB4-4246-9839-DC39E4CF1865}.Debug|Any CPU.ActiveCfg = Debug|Any CPU
		{2FD6EFCB-3FB4-4246-9839-DC39E4CF1865}.Debug|Any CPU.Build.0 = Debug|Any CPU
		{2FD6EFCB-3FB4-4246-9839-DC39E4CF1865}.Release|Any CPU.ActiveCfg = Release|Any CPU
		{2FD6EFCB-3FB4-4246-9839-DC39E4CF1865}.Release|Any CPU.Build.0 = Release|Any CPU
	EndGlobalSection
	GlobalSection(SolutionProperties) = preSolution
		HideSolutionNode = FALSE
	EndGlobalSection
	GlobalSection(ExtensibilityGlobals) = postSolution
		SolutionGuid = {A4BA9505-1896-41E5-8F35-93B921F5C540}
	EndGlobalSection
EndGlobal
